github.com/coreos/pkg v0.0.0-20240122114842-bbd7aa9bf6fb h1:GIzvVQ9UkUlOhSDlqmrQAAAUd6R3E+caIisNEyWXvNE=
github.com/coreos/pkg v0.0.0-20240122114842-bbd7aa9bf6fb/go.mod h1:E3G3o1h8I7cfcXa63jLwjI0eiQQMgzzUDFVpN/nH/eA=
github.com/mattn/go-pointer v0.0.1/go.mod h1:2zXcozF6qYGgmsG+SeTZz3oAbFLdD3OWqnUbNvJZAlc=
