github.com/coreos/pkg v0.0.0-20180928190104-399ea9e2e55f h1:lBNOc5arjvs8E5mO2tbpBpLoyyu8B6e44T7hJy6potg=
github.com/coreos/pkg v0.0.0-20180928190104-399ea9e2e55f/go.mod h1:E3G3o1h8I7cfcXa63jLwjI0eiQQMgzzUDFVpN/nH/eA=
github.com/mattn/go-pointer v0.0.0-20190911064623-a0a44394634f h1:QTRRO+ozoYgT3CQRIzNVYJRU3DB8HRnkZv6mr4ISmMA=
github.com/mattn/go-pointer v0.0.0-20190911064623-a0a44394634f/go.mod h1:2zXcozF6qYGgmsG+SeTZz3oAbFLdD3OWqnUbNvJZAlc=
