github.com/mattn/go-pointer v0.0.1 h1:n+XhsuGeVO6MEAp7xyEukFINEa+Quek5psIR/ylA6o0=
github.com/mattn/go-pointer v0.0.1/go.mod h1:2zXcozF6qYGgmsG+SeTZz3oAbFLdD3OWqnUbNvJZAlc=
github.com/mattn/go-sixel v0.0.11 h1:+1qa839dVz5UxA0w/gQBbC1+5hb1b6DSAidf+caN63s=
github.com/mattn/go-sixel v0.0.11/go.mod h1:UzxovwVMmjEBx5ui3fav05lfRkxNiaLLDJuOkanrVOI=
github.com/soniakeys/quant v1.0.0 h1:N1um9ktjbkZVcywBVAAYpZYSHxEfJGzshHCxx/DaI0Y=
github.com/soniakeys/quant v1.0.0/go.mod h1:HI1k023QuVbD4H8i9YdfZP2munIHU4QpjsImz6Y6zds=
gocv.io/x/gocv v0.43.0 h1:PFNpRUcV8fgBRDbVHHN+4BDZjjPnVveo5N/+e15BTuA=
gocv.io/x/gocv v0.43.0/go.mod h1:zYdWMj29WAEznM3Y8NsU3A0TRq/wR/cy75jeUypThqU=
golang.org/x/image v0.43.0 h1:FLxcP4ec2350nTfOC8ysKtqYSIFbk/QGjw1ZHNP4tsY=
golang.org/x/image v0.43.0/go.mod h1:rrpelvGFt+kLPAjPM4HeWPgrl0FtafueU//e5N0qk/Q=
